
Microsoft Visual Studio Solution File, Format Version 12.00
# Visual Studio Version 17
VisualStudioVersion = 17.3.32929.385
MinimumVisualStudioVersion = 10.0.40219.1
Project("{8BC9CEB8-8B4A-11D0-8D11-00A0C91BC942}") = "Brick Breaker", "Brick Breaker\Brick Breaker.vcxproj", "{86FF6B03-7FD5-49A7-AFAD-2BCB17CE4B8A}"
EndProject
Global
	GlobalSection(SolutionConfigurationPlatforms) = preSolution
		Debug|x64 = Debug|x64
		Debug|x86 = Debug|x86
		Release|x64 = Release|x64
		Release|x86 = Release|x86
	EndGlobalSection
	GlobalSection(ProjectConfigurationPlatforms) = postSolution
		{86FF6B03-7FD5-49A7-AFAD-2BCB17CE4B8A}.Debug|x64.ActiveCfg = Debug|x64
		{86FF6B03-7FD5-49A7-AFAD-2BCB17CE4B8A}.Debug|x64.Build.0 = Debug|x64
		{86FF6B03-7FD5-49A7-AFAD-2BCB17CE4B8A}.Debug|x86.ActiveCfg = Debug|Win32
		{86FF6B03-7FD5-49A7-AFAD-2BCB17CE4B8A}.Debug|x86.Build.0 = Debug|Win32
		{86FF6B03-7FD5-49A7-AFAD-2BCB17CE4B8A}.Release|x64.ActiveCfg = Release|x64
		{86FF6B03-7FD5-49A7-AFAD-2BCB17CE4B8A}.Release|x64.Build.0 = Release|x64
		{86FF6B03-7FD5-49A7-AFAD-2BCB17CE4B8A}.Release|x86.ActiveCfg = Release|Win32
		{86FF6B03-7FD5-49A7-AFAD-2BCB17CE4B8A}.Release|x86.Build.0 = Release|Win32
	EndGlobalSection
	GlobalSection(SolutionProperties) = preSolution
		HideSolutionNode = FALSE
	EndGlobalSection
	GlobalSection(ExtensibilityGlobals) = postSolution
		SolutionGuid = {E3BF5574-930A-4AF8-9DB1-21F9078E3636}
	EndGlobalSection
EndGlobal
